
Microsoft Visual Studio Solution File, Format Version 12.00
# Visual Studio Version 17
VisualStudioVersion = 17.9.34701.34
MinimumVisualStudioVersion = 10.0.40219.1
Project("{FAE04EC0-301F-11D3-BF4B-00C04F79EFBC}") = "API", "API\API.csproj", "{D059556E-689F-4CE4-A0D1-B52B83E68B06}"
EndProject
Project("{FAE04EC0-301F-11D3-BF4B-00C04F79EFBC}") = "Repository", "EF\Repository.csproj", "{D707E4EE-56C8-4274-AD54-0B9C28EA942D}"
EndProject
Project("{00D1A9C2-B5F0-4AF3-8072-F6C62B433612}") = "Database", "Database\Database.sqlproj", "{475EA374-CDFC-4F76-8264-78E05B28F5EA}"
EndProject
Project("{FAE04EC0-301F-11D3-BF4B-00C04F79EFBC}") = "Service", "Service\Service.csproj", "{5F722E47-E42E-405A-988C-5A7EF5229DDA}"
EndProject
Global
	GlobalSection(SolutionConfigurationPlatforms) = preSolution
		Debug|Any CPU = Debug|Any CPU
		Release|Any CPU = Release|Any CPU
	EndGlobalSection
	GlobalSection(ProjectConfigurationPlatforms) = postSolution
		{D059556E-689F-4CE4-A0D1-B52B83E68B06}.Debug|Any CPU.ActiveCfg = Debug|Any CPU
		{D059556E-689F-4CE4-A0D1-B52B83E68B06}.Debug|Any CPU.Build.0 = Debug|Any CPU
		{D059556E-689F-4CE4-A0D1-B52B83E68B06}.Release|Any CPU.ActiveCfg = Release|Any CPU
		{D059556E-689F-4CE4-A0D1-B52B83E68B06}.Release|Any CPU.Build.0 = Release|Any CPU
		{D707E4EE-56C8-4274-AD54-0B9C28EA942D}.Debug|Any CPU.ActiveCfg = Debug|Any CPU
		{D707E4EE-56C8-4274-AD54-0B9C28EA942D}.Debug|Any CPU.Build.0 = Debug|Any CPU
		{D707E4EE-56C8-4274-AD54-0B9C28EA942D}.Release|Any CPU.ActiveCfg = Release|Any CPU
		{D707E4EE-56C8-4274-AD54-0B9C28EA942D}.Release|Any CPU.Build.0 = Release|Any CPU
		{475EA374-CDFC-4F76-8264-78E05B28F5EA}.Debug|Any CPU.ActiveCfg = Debug|Any CPU
		{475EA374-CDFC-4F76-8264-78E05B28F5EA}.Debug|Any CPU.Build.0 = Debug|Any CPU
		{475EA374-CDFC-4F76-8264-78E05B28F5EA}.Debug|Any CPU.Deploy.0 = Debug|Any CPU
		{475EA374-CDFC-4F76-8264-78E05B28F5EA}.Release|Any CPU.ActiveCfg = Release|Any CPU
		{475EA374-CDFC-4F76-8264-78E05B28F5EA}.Release|Any CPU.Build.0 = Release|Any CPU
		{475EA374-CDFC-4F76-8264-78E05B28F5EA}.Release|Any CPU.Deploy.0 = Release|Any CPU
		{5F722E47-E42E-405A-988C-5A7EF5229DDA}.Debug|Any CPU.ActiveCfg = Debug|Any CPU
		{5F722E47-E42E-405A-988C-5A7EF5229DDA}.Debug|Any CPU.Build.0 = Debug|Any CPU
		{5F722E47-E42E-405A-988C-5A7EF5229DDA}.Release|Any CPU.ActiveCfg = Release|Any CPU
		{5F722E47-E42E-405A-988C-5A7EF5229DDA}.Release|Any CPU.Build.0 = Release|Any CPU
	EndGlobalSection
	GlobalSection(SolutionProperties) = preSolution
		HideSolutionNode = FALSE
	EndGlobalSection
	GlobalSection(ExtensibilityGlobals) = postSolution
		SolutionGuid = {08264280-5505-474C-8F6D-499BE2E27228}
	EndGlobalSection
EndGlobal
