
Microsoft Visual Studio Solution File, Format Version 12.00
# Visual Studio Version 17
VisualStudioVersion = 17.9.34701.34
MinimumVisualStudioVersion = 10.0.40219.1
Project("{9A19103F-16F7-4668-BE54-9A1E7A4F7556}") = "API", "API\API.csproj", "{D059556E-689F-4CE4-A0D1-B52B83E68B06}"
EndProject
Project("{9A19103F-16F7-4668-BE54-9A1E7A4F7556}") = "EF", "EF\EF.csproj", "{D707E4EE-56C8-4274-AD54-0B9C28EA942D}"
EndProject
Project("{00D1A9C2-B5F0-4AF3-8072-F6C62B433612}") = "Database", "Database\Database.sqlproj", "{475EA374-CDFC-4F76-8264-78E05B28F5EA}"
EndProject
Project("{9A19103F-16F7-4668-BE54-9A1E7A4F7556}") = "Service", "Service\Service.csproj", "{5F722E47-E42E-405A-988C-5A7EF5229DDA}"
EndProject
Project("{2150E333-8FDC-42A3-9474-1A3956D46DE8}") = "Scripts", "Scripts", "{7028940B-CD48-4411-A61F-40126E93D3D1}"
EndProject
Project("{2150E333-8FDC-42A3-9474-1A3956D46DE8}") = "Migrations", "Migrations", "{08C3D301-B9CC-4B82-8DDB-895CB508663D}"
EndProject
Project("{2150E333-8FDC-42A3-9474-1A3956D46DE8}") = "UserManagement", "UserManagement", "{3254336B-ECDE-427A-AB22-D1A421F9B096}"
	ProjectSection(SolutionItems) = preProject
		1_Division.sql = 1_Division.sql
		1_Page.sql = 1_Page.sql
		1_Policy.sql = 1_Policy.sql
		1_Role.sql = 1_Role.sql
		1_Workflow.sql = 1_Workflow.sql
		2_Bureau.sql = 2_Bureau.sql
		2_Control.sql = 2_Control.sql
		2_PolicyModuleControl.sql = 2_PolicyModuleControl.sql
		2_PolicyRole.sql = 2_PolicyRole.sql
		2_Workstep.sql = 2_Workstep.sql
		3_Department.sql = 3_Department.sql
		3_Module.sql = 3_Module.sql
		3_WorkstepApprover.sql = 3_WorkstepApprover.sql
		4_ModuleControl.sql = 4_ModuleControl.sql
		4_Section.sql = 4_Section.sql
		5_Person.sql = 5_Person.sql
		6_UserAccount.sql = 6_UserAccount.sql
	EndProjectSection
EndProject
Project("{2150E333-8FDC-42A3-9474-1A3956D46DE8}") = "SystemSetup", "SystemSetup", "{A7D6E60E-7F35-4312-A631-A8C9E432872B}"
	ProjectSection(SolutionItems) = preProject
		1_ItemStatus.sql = 1_ItemStatus.sql
		1_ItemType.sql = 1_ItemType.sql
		1_ModeOfProcurement.sql = 1_ModeOfProcurement.sql
		1_PurchasingType.sql = 1_PurchasingType.sql
		1_ReferenceTable.sql = 1_ReferenceTable.sql
		1_Signatories.sql = 1_Signatories.sql
		1_Supplier.sql = 1_Supplier.sql
		1_UnitOfMeasurement.sql = 1_UnitOfMeasurement.sql
		2_AccountCode.sql = 2_AccountCode.sql
		2_MopDetail.sql = 2_MopDetail.sql
		2_SubStatus.sql = 2_SubStatus.sql
		2_SupplierContactPerson.sql = 2_SupplierContactPerson.sql
		3_MajorCategory.sql = 3_MajorCategory.sql
		4_SubCategory.sql = 4_SubCategory.sql
		5_PSDBMCataglogue.sql = 5_PSDBMCataglogue.sql
		5_SupplementaryCatalogue.sql = 5_SupplementaryCatalogue.sql
	EndProjectSection
EndProject
Global
	GlobalSection(SolutionConfigurationPlatforms) = preSolution
		Debug|Any CPU = Debug|Any CPU
		Release|Any CPU = Release|Any CPU
	EndGlobalSection
	GlobalSection(ProjectConfigurationPlatforms) = postSolution
		{D059556E-689F-4CE4-A0D1-B52B83E68B06}.Debug|Any CPU.ActiveCfg = Debug|Any CPU
		{D059556E-689F-4CE4-A0D1-B52B83E68B06}.Debug|Any CPU.Build.0 = Debug|Any CPU
		{D059556E-689F-4CE4-A0D1-B52B83E68B06}.Release|Any CPU.ActiveCfg = Release|Any CPU
		{D059556E-689F-4CE4-A0D1-B52B83E68B06}.Release|Any CPU.Build.0 = Release|Any CPU
		{D707E4EE-56C8-4274-AD54-0B9C28EA942D}.Debug|Any CPU.ActiveCfg = Debug|Any CPU
		{D707E4EE-56C8-4274-AD54-0B9C28EA942D}.Debug|Any CPU.Build.0 = Debug|Any CPU
		{D707E4EE-56C8-4274-AD54-0B9C28EA942D}.Release|Any CPU.ActiveCfg = Release|Any CPU
		{D707E4EE-56C8-4274-AD54-0B9C28EA942D}.Release|Any CPU.Build.0 = Release|Any CPU
		{475EA374-CDFC-4F76-8264-78E05B28F5EA}.Debug|Any CPU.ActiveCfg = Debug|Any CPU
		{475EA374-CDFC-4F76-8264-78E05B28F5EA}.Debug|Any CPU.Build.0 = Debug|Any CPU
		{475EA374-CDFC-4F76-8264-78E05B28F5EA}.Debug|Any CPU.Deploy.0 = Debug|Any CPU
		{475EA374-CDFC-4F76-8264-78E05B28F5EA}.Release|Any CPU.ActiveCfg = Release|Any CPU
		{475EA374-CDFC-4F76-8264-78E05B28F5EA}.Release|Any CPU.Build.0 = Release|Any CPU
		{475EA374-CDFC-4F76-8264-78E05B28F5EA}.Release|Any CPU.Deploy.0 = Release|Any CPU
		{5F722E47-E42E-405A-988C-5A7EF5229DDA}.Debug|Any CPU.ActiveCfg = Debug|Any CPU
		{5F722E47-E42E-405A-988C-5A7EF5229DDA}.Debug|Any CPU.Build.0 = Debug|Any CPU
		{5F722E47-E42E-405A-988C-5A7EF5229DDA}.Release|Any CPU.ActiveCfg = Release|Any CPU
		{5F722E47-E42E-405A-988C-5A7EF5229DDA}.Release|Any CPU.Build.0 = Release|Any CPU
	EndGlobalSection
	GlobalSection(SolutionProperties) = preSolution
		HideSolutionNode = FALSE
	EndGlobalSection
	GlobalSection(NestedProjects) = preSolution
		{08C3D301-B9CC-4B82-8DDB-895CB508663D} = {7028940B-CD48-4411-A61F-40126E93D3D1}
		{3254336B-ECDE-427A-AB22-D1A421F9B096} = {08C3D301-B9CC-4B82-8DDB-895CB508663D}
		{A7D6E60E-7F35-4312-A631-A8C9E432872B} = {08C3D301-B9CC-4B82-8DDB-895CB508663D}
	EndGlobalSection
	GlobalSection(ExtensibilityGlobals) = postSolution
		SolutionGuid = {08264280-5505-474C-8F6D-499BE2E27228}
	EndGlobalSection
EndGlobal
